
Microsoft Visual Studio Solution File, Format Version 12.00
# Visual Studio Version 17
VisualStudioVersion = 17.9.34622.214
MinimumVisualStudioVersion = 10.0.40219.1
Project("{FAE04EC0-301F-11D3-BF4B-00C04F79EFBC}") = "MulakatProje_Simfer", "MulakatProje_Simfer.csproj", "{3B325BB6-90E9-4EBB-BB78-0C9BDD4FD9E3}"
EndProject
Global
	GlobalSection(SolutionConfigurationPlatforms) = preSolution
		Debug|Any CPU = Debug|Any CPU
		Release|Any CPU = Release|Any CPU
	EndGlobalSection
	GlobalSection(ProjectConfigurationPlatforms) = postSolution
		{3B325BB6-90E9-4EBB-BB78-0C9BDD4FD9E3}.Debug|Any CPU.ActiveCfg = Debug|Any CPU
		{3B325BB6-90E9-4EBB-BB78-0C9BDD4FD9E3}.Debug|Any CPU.Build.0 = Debug|Any CPU
		{3B325BB6-90E9-4EBB-BB78-0C9BDD4FD9E3}.Release|Any CPU.ActiveCfg = Release|Any CPU
		{3B325BB6-90E9-4EBB-BB78-0C9BDD4FD9E3}.Release|Any CPU.Build.0 = Release|Any CPU
	EndGlobalSection
	GlobalSection(SolutionProperties) = preSolution
		HideSolutionNode = FALSE
	EndGlobalSection
	GlobalSection(ExtensibilityGlobals) = postSolution
		SolutionGuid = {9366D5DD-430A-4BC8-9801-C9D4FDDAA8B0}
	EndGlobalSection
EndGlobal
